
Microsoft Visual Studio Solution File, Format Version 12.00
# Visual Studio Version 17
VisualStudioVersion = 17.0.31912.275
MinimumVisualStudioVersion = 10.0.40219.1
Project("{FAE04EC0-301F-11D3-BF4B-00C04F79EFBC}") = "ElonsToys", "ElonsToys\ElonsToys.csproj", "{AA6370BB-94D6-4124-BF4A-D92CADA2D166}"
EndProject
Global
	GlobalSection(SolutionConfigurationPlatforms) = preSolution
		Debug|Any CPU = Debug|Any CPU
		Release|Any CPU = Release|Any CPU
	EndGlobalSection
	GlobalSection(ProjectConfigurationPlatforms) = postSolution
		{AA6370BB-94D6-4124-BF4A-D92CADA2D166}.Debug|Any CPU.ActiveCfg = Debug|Any CPU
		{AA6370BB-94D6-4124-BF4A-D92CADA2D166}.Debug|Any CPU.Build.0 = Debug|Any CPU
		{AA6370BB-94D6-4124-BF4A-D92CADA2D166}.Release|Any CPU.ActiveCfg = Release|Any CPU
		{AA6370BB-94D6-4124-BF4A-D92CADA2D166}.Release|Any CPU.Build.0 = Release|Any CPU
	EndGlobalSection
	GlobalSection(SolutionProperties) = preSolution
		HideSolutionNode = FALSE
	EndGlobalSection
	GlobalSection(ExtensibilityGlobals) = postSolution
		SolutionGuid = {5B09E5EA-C43F-4581-85F0-0AD2E1B86041}
	EndGlobalSection
EndGlobal
